// !$*UTF8*$!
{
	archiveVersion = 1;
	classes = {
	};
	objectVersion = 56;
	objects = {

/* Begin PBXBuildFile section */
		240F0737291105E50057F0CD /* HomeView.swift in Sources */ = {isa = PBXBuildFile; fileRef = 240F0736291105E50057F0CD /* HomeView.swift */; };
		240F0739291108BE0057F0CD /* PlayerModel.swift in Sources */ = {isa = PBXBuildFile; fileRef = 240F0738291108BE0057F0CD /* PlayerModel.swift */; };
		24280552290BE30900A10601 /* AppDelegate.swift in Sources */ = {isa = PBXBuildFile; fileRef = 24280551290BE30900A10601 /* AppDelegate.swift */; };
		24280556290BE30900A10601 /* LoginViewController.swift in Sources */ = {isa = PBXBuildFile; fileRef = 24280555290BE30900A10601 /* LoginViewController.swift */; };
		24280559290BE30900A10601 /* Auth.storyboard in Resources */ = {isa = PBXBuildFile; fileRef = 24280557290BE30900A10601 /* Auth.storyboard */; };
		2428055B290BE30A00A10601 /* Assets.xcassets in Resources */ = {isa = PBXBuildFile; fileRef = 2428055A290BE30A00A10601 /* Assets.xcassets */; };
		2428055E290BE30A00A10601 /* LaunchScreen.storyboard in Resources */ = {isa = PBXBuildFile; fileRef = 2428055C290BE30A00A10601 /* LaunchScreen.storyboard */; };
		243536DF290FDBFD0014DF4B /* LoginView.swift in Sources */ = {isa = PBXBuildFile; fileRef = 243536DE290FDBFD0014DF4B /* LoginView.swift */; };
		243536E1290FDC0A0014DF4B /* LoginPresenter.swift in Sources */ = {isa = PBXBuildFile; fileRef = 243536E0290FDC0A0014DF4B /* LoginPresenter.swift */; };
		245EAC4E290FEA28009CDEC3 /* TabBarViewController.swift in Sources */ = {isa = PBXBuildFile; fileRef = 245EAC4D290FEA28009CDEC3 /* TabBarViewController.swift */; };
		245EAC50290FEA75009CDEC3 /* Calendar.storyboard in Resources */ = {isa = PBXBuildFile; fileRef = 245EAC4F290FEA75009CDEC3 /* Calendar.storyboard */; };
		245EAC53290FEA88009CDEC3 /* Chat.storyboard in Resources */ = {isa = PBXBuildFile; fileRef = 245EAC52290FEA88009CDEC3 /* Chat.storyboard */; };
		245EAC55291000E4009CDEC3 /* HomePresenter.swift in Sources */ = {isa = PBXBuildFile; fileRef = 245EAC54291000E4009CDEC3 /* HomePresenter.swift */; };
		245EAC57291001E6009CDEC3 /* ChatViewController.swift in Sources */ = {isa = PBXBuildFile; fileRef = 245EAC56291001E6009CDEC3 /* ChatViewController.swift */; };
		245EAC59291001F4009CDEC3 /* CalendarViewController.swift in Sources */ = {isa = PBXBuildFile; fileRef = 245EAC58291001F4009CDEC3 /* CalendarViewController.swift */; };
		24A67D75291CE834007771CD /* LoockerRoomTableViewCell.swift in Sources */ = {isa = PBXBuildFile; fileRef = 24A67D74291CE834007771CD /* LoockerRoomTableViewCell.swift */; };
		24A67D77291CE850007771CD /* LockerRoomViewController.swift in Sources */ = {isa = PBXBuildFile; fileRef = 24A67D76291CE850007771CD /* LockerRoomViewController.swift */; };
		24BB276B2919340C00D6C4CE /* WeightsModel.swift in Sources */ = {isa = PBXBuildFile; fileRef = 24BB276A2919340C00D6C4CE /* WeightsModel.swift */; };
		24BB276F291936E900D6C4CE /* CalendarPresenter.swift in Sources */ = {isa = PBXBuildFile; fileRef = 24BB276E291936E900D6C4CE /* CalendarPresenter.swift */; };
		24BB2771291936FD00D6C4CE /* CalendarView.swift in Sources */ = {isa = PBXBuildFile; fileRef = 24BB2770291936FD00D6C4CE /* CalendarView.swift */; };
		24BB2773291945A500D6C4CE /* CalendarTableViewCell.swift in Sources */ = {isa = PBXBuildFile; fileRef = 24BB2772291945A500D6C4CE /* CalendarTableViewCell.swift */; };
		24BB50812913D8C8006E68F2 /* LeaguesTableViewController.swift in Sources */ = {isa = PBXBuildFile; fileRef = 24BB50802913D8C8006E68F2 /* LeaguesTableViewController.swift */; };
		24BDF4F5291A7FBD00C2170A /* Practice Model.swift in Sources */ = {isa = PBXBuildFile; fileRef = 24BDF4F4291A7FBD00C2170A /* Practice Model.swift */; };
		24BDF4F7291A814F00C2170A /* GameModel.swift in Sources */ = {isa = PBXBuildFile; fileRef = 24BDF4F6291A814F00C2170A /* GameModel.swift */; };
		24BDF4F9291A869200C2170A /* MedicalModel.swift in Sources */ = {isa = PBXBuildFile; fileRef = 24BDF4F8291A869200C2170A /* MedicalModel.swift */; };
		24BDF4FB291A989E00C2170A /* WeightRoomModel.swift in Sources */ = {isa = PBXBuildFile; fileRef = 24BDF4FA291A989E00C2170A /* WeightRoomModel.swift */; };
		24DE18BA2914F9F200A960C0 /* LeaguesTableViewCell.swift in Sources */ = {isa = PBXBuildFile; fileRef = 24DE18B92914F9F200A960C0 /* LeaguesTableViewCell.swift */; };
		24E67BCE290BEF8800DEBE16 /* LoginModel.swift in Sources */ = {isa = PBXBuildFile; fileRef = 24E67BCD290BEF8800DEBE16 /* LoginModel.swift */; };
		24F0CC97290FC76F00E16B2F /* Home.storyboard in Resources */ = {isa = PBXBuildFile; fileRef = 24F0CC96290FC76F00E16B2F /* Home.storyboard */; };
		24F0CC99290FC7B900E16B2F /* HomeViewController.swift in Sources */ = {isa = PBXBuildFile; fileRef = 24F0CC98290FC7B900E16B2F /* HomeViewController.swift */; };
		9912116C0C1C77418D45C44E /* Pods_LockerRoom.framework in Frameworks */ = {isa = PBXBuildFile; fileRef = 959A84C80D6F2BFD04CF64F1 /* Pods_LockerRoom.framework */; };
/* End PBXBuildFile section */

/* Begin PBXFileReference section */
		240F0736291105E50057F0CD /* HomeView.swift */ = {isa = PBXFileReference; lastKnownFileType = sourcecode.swift; path = HomeView.swift; sourceTree = "<group>"; };
		240F0738291108BE0057F0CD /* PlayerModel.swift */ = {isa = PBXFileReference; lastKnownFileType = sourcecode.swift; path = PlayerModel.swift; sourceTree = "<group>"; };
		2428054E290BE30900A10601 /* LockerRoom.app */ = {isa = PBXFileReference; explicitFileType = wrapper.application; includeInIndex = 0; path = LockerRoom.app; sourceTree = BUILT_PRODUCTS_DIR; };
		24280551290BE30900A10601 /* AppDelegate.swift */ = {isa = PBXFileReference; lastKnownFileType = sourcecode.swift; path = AppDelegate.swift; sourceTree = "<group>"; };
		24280555290BE30900A10601 /* LoginViewController.swift */ = {isa = PBXFileReference; lastKnownFileType = sourcecode.swift; path = LoginViewController.swift; sourceTree = "<group>"; };
		24280558290BE30900A10601 /* Base */ = {isa = PBXFileReference; lastKnownFileType = file.storyboard; name = Base; path = Base.lproj/Auth.storyboard; sourceTree = "<group>"; };
		2428055A290BE30A00A10601 /* Assets.xcassets */ = {isa = PBXFileReference; lastKnownFileType = folder.assetcatalog; path = Assets.xcassets; sourceTree = "<group>"; };
		2428055D290BE30A00A10601 /* Base */ = {isa = PBXFileReference; lastKnownFileType = file.storyboard; name = Base; path = Base.lproj/LaunchScreen.storyboard; sourceTree = "<group>"; };
		2428055F290BE30A00A10601 /* Info.plist */ = {isa = PBXFileReference; lastKnownFileType = text.plist.xml; path = Info.plist; sourceTree = "<group>"; };
		243536DE290FDBFD0014DF4B /* LoginView.swift */ = {isa = PBXFileReference; lastKnownFileType = sourcecode.swift; path = LoginView.swift; sourceTree = "<group>"; };
		243536E0290FDC0A0014DF4B /* LoginPresenter.swift */ = {isa = PBXFileReference; lastKnownFileType = sourcecode.swift; path = LoginPresenter.swift; sourceTree = "<group>"; };
		245EAC4D290FEA28009CDEC3 /* TabBarViewController.swift */ = {isa = PBXFileReference; lastKnownFileType = sourcecode.swift; path = TabBarViewController.swift; sourceTree = "<group>"; };
		245EAC4F290FEA75009CDEC3 /* Calendar.storyboard */ = {isa = PBXFileReference; lastKnownFileType = file.storyboard; path = Calendar.storyboard; sourceTree = "<group>"; };
		245EAC52290FEA88009CDEC3 /* Chat.storyboard */ = {isa = PBXFileReference; lastKnownFileType = file.storyboard; path = Chat.storyboard; sourceTree = "<group>"; };
		245EAC54291000E4009CDEC3 /* HomePresenter.swift */ = {isa = PBXFileReference; lastKnownFileType = sourcecode.swift; path = HomePresenter.swift; sourceTree = "<group>"; };
		245EAC56291001E6009CDEC3 /* ChatViewController.swift */ = {isa = PBXFileReference; lastKnownFileType = sourcecode.swift; path = ChatViewController.swift; sourceTree = "<group>"; };
		245EAC58291001F4009CDEC3 /* CalendarViewController.swift */ = {isa = PBXFileReference; lastKnownFileType = sourcecode.swift; path = CalendarViewController.swift; sourceTree = "<group>"; };
		24A67D74291CE834007771CD /* LoockerRoomTableViewCell.swift */ = {isa = PBXFileReference; lastKnownFileType = sourcecode.swift; path = LoockerRoomTableViewCell.swift; sourceTree = "<group>"; };
		24A67D76291CE850007771CD /* LockerRoomViewController.swift */ = {isa = PBXFileReference; lastKnownFileType = sourcecode.swift; path = LockerRoomViewController.swift; sourceTree = "<group>"; };
		24BB276A2919340C00D6C4CE /* WeightsModel.swift */ = {isa = PBXFileReference; lastKnownFileType = sourcecode.swift; path = WeightsModel.swift; sourceTree = "<group>"; };
		24BB276E291936E900D6C4CE /* CalendarPresenter.swift */ = {isa = PBXFileReference; lastKnownFileType = sourcecode.swift; path = CalendarPresenter.swift; sourceTree = "<group>"; };
		24BB2770291936FD00D6C4CE /* CalendarView.swift */ = {isa = PBXFileReference; lastKnownFileType = sourcecode.swift; path = CalendarView.swift; sourceTree = "<group>"; };
		24BB2772291945A500D6C4CE /* CalendarTableViewCell.swift */ = {isa = PBXFileReference; lastKnownFileType = sourcecode.swift; path = CalendarTableViewCell.swift; sourceTree = "<group>"; };
		24BB50802913D8C8006E68F2 /* LeaguesTableViewController.swift */ = {isa = PBXFileReference; lastKnownFileType = sourcecode.swift; path = LeaguesTableViewController.swift; sourceTree = "<group>"; };
		24BDF4F4291A7FBD00C2170A /* Practice Model.swift */ = {isa = PBXFileReference; lastKnownFileType = sourcecode.swift; path = "Practice Model.swift"; sourceTree = "<group>"; };
		24BDF4F6291A814F00C2170A /* GameModel.swift */ = {isa = PBXFileReference; lastKnownFileType = sourcecode.swift; path = GameModel.swift; sourceTree = "<group>"; };
		24BDF4F8291A869200C2170A /* MedicalModel.swift */ = {isa = PBXFileReference; lastKnownFileType = sourcecode.swift; path = MedicalModel.swift; sourceTree = "<group>"; };
		24BDF4FA291A989E00C2170A /* WeightRoomModel.swift */ = {isa = PBXFileReference; lastKnownFileType = sourcecode.swift; path = WeightRoomModel.swift; sourceTree = "<group>"; };
		24DE18B92914F9F200A960C0 /* LeaguesTableViewCell.swift */ = {isa = PBXFileReference; lastKnownFileType = sourcecode.swift; path = LeaguesTableViewCell.swift; sourceTree = "<group>"; };
		24E67BCD290BEF8800DEBE16 /* LoginModel.swift */ = {isa = PBXFileReference; lastKnownFileType = sourcecode.swift; path = LoginModel.swift; sourceTree = "<group>"; };
		24F0CC96290FC76F00E16B2F /* Home.storyboard */ = {isa = PBXFileReference; lastKnownFileType = file.storyboard; path = Home.storyboard; sourceTree = "<group>"; };
		24F0CC98290FC7B900E16B2F /* HomeViewController.swift */ = {isa = PBXFileReference; lastKnownFileType = sourcecode.swift; path = HomeViewController.swift; sourceTree = "<group>"; };
		437A183293CDA5ECDEA968E9 /* Pods-LockerRoom.debug.xcconfig */ = {isa = PBXFileReference; includeInIndex = 1; lastKnownFileType = text.xcconfig; name = "Pods-LockerRoom.debug.xcconfig"; path = "Target Support Files/Pods-LockerRoom/Pods-LockerRoom.debug.xcconfig"; sourceTree = "<group>"; };
		4EB95B0CD714ED85DE5365DE /* Pods-LockerRoom.release.xcconfig */ = {isa = PBXFileReference; includeInIndex = 1; lastKnownFileType = text.xcconfig; name = "Pods-LockerRoom.release.xcconfig"; path = "Target Support Files/Pods-LockerRoom/Pods-LockerRoom.release.xcconfig"; sourceTree = "<group>"; };
		959A84C80D6F2BFD04CF64F1 /* Pods_LockerRoom.framework */ = {isa = PBXFileReference; explicitFileType = wrapper.framework; includeInIndex = 0; path = Pods_LockerRoom.framework; sourceTree = BUILT_PRODUCTS_DIR; };
/* End PBXFileReference section */

/* Begin PBXFrameworksBuildPhase section */
		2428054B290BE30900A10601 /* Frameworks */ = {
			isa = PBXFrameworksBuildPhase;
			buildActionMask = 2147483647;
			files = (
				9912116C0C1C77418D45C44E /* Pods_LockerRoom.framework in Frameworks */,
			);
			runOnlyForDeploymentPostprocessing = 0;
		};
/* End PBXFrameworksBuildPhase section */

/* Begin PBXGroup section */
		24280545290BE30900A10601 = {
			isa = PBXGroup;
			children = (
				24280550290BE30900A10601 /* LockerRoom */,
				2428054F290BE30900A10601 /* Products */,
				C504814BECF1C6367136F83E /* Pods */,
				472AA541EA83EFD976B24436 /* Frameworks */,
			);
			sourceTree = "<group>";
		};
		2428054F290BE30900A10601 /* Products */ = {
			isa = PBXGroup;
			children = (
				2428054E290BE30900A10601 /* LockerRoom.app */,
			);
			name = Products;
			sourceTree = "<group>";
		};
		24280550290BE30900A10601 /* LockerRoom */ = {
			isa = PBXGroup;
			children = (
				243536D8290FDB910014DF4B /* AppDelegate */,
				243536DA290FDB9F0014DF4B /* Assets */,
				243536DB290FDBA40014DF4B /* Misc */,
				243536D9290FDB990014DF4B /* Models */,
				243536D6290FDB810014DF4B /* Storyboards */,
				243536D7290FDB880014DF4B /* MVP */,
			);
			path = LockerRoom;
			sourceTree = "<group>";
		};
		243536D6290FDB810014DF4B /* Storyboards */ = {
			isa = PBXGroup;
			children = (
				24280557290BE30900A10601 /* Auth.storyboard */,
				24F0CC96290FC76F00E16B2F /* Home.storyboard */,
				245EAC4F290FEA75009CDEC3 /* Calendar.storyboard */,
				245EAC52290FEA88009CDEC3 /* Chat.storyboard */,
				2428055C290BE30A00A10601 /* LaunchScreen.storyboard */,
			);
			path = Storyboards;
			sourceTree = "<group>";
		};
		243536D7290FDB880014DF4B /* MVP */ = {
			isa = PBXGroup;
			children = (
				243536DC290FDBC80014DF4B /* LoginMVP */,
				243536DD290FDBCE0014DF4B /* HomeMVP */,
				24BB276D291936BD00D6C4CE /* CalendarMVP */,
				24DE18BB2914F9FB00A960C0 /* LeaguesMVP */,
			);
			path = MVP;
			sourceTree = "<group>";
		};
		243536D8290FDB910014DF4B /* AppDelegate */ = {
			isa = PBXGroup;
			children = (
				24280551290BE30900A10601 /* AppDelegate.swift */,
			);
			path = AppDelegate;
			sourceTree = "<group>";
		};
		243536D9290FDB990014DF4B /* Models */ = {
			isa = PBXGroup;
			children = (
				24E67BCD290BEF8800DEBE16 /* LoginModel.swift */,
				240F0738291108BE0057F0CD /* PlayerModel.swift */,
				24BB276A2919340C00D6C4CE /* WeightsModel.swift */,
				24BDF4F4291A7FBD00C2170A /* Practice Model.swift */,
				24BDF4F6291A814F00C2170A /* GameModel.swift */,
				24BDF4F8291A869200C2170A /* MedicalModel.swift */,
				24BDF4FA291A989E00C2170A /* WeightRoomModel.swift */,
			);
			path = Models;
			sourceTree = "<group>";
		};
		243536DA290FDB9F0014DF4B /* Assets */ = {
			isa = PBXGroup;
			children = (
				2428055A290BE30A00A10601 /* Assets.xcassets */,
			);
			path = Assets;
			sourceTree = "<group>";
		};
		243536DB290FDBA40014DF4B /* Misc */ = {
			isa = PBXGroup;
			children = (
				2428055F290BE30A00A10601 /* Info.plist */,
			);
			path = Misc;
			sourceTree = "<group>";
		};
		243536DC290FDBC80014DF4B /* LoginMVP */ = {
			isa = PBXGroup;
			children = (
				24280555290BE30900A10601 /* LoginViewController.swift */,
				243536DE290FDBFD0014DF4B /* LoginView.swift */,
				243536E0290FDC0A0014DF4B /* LoginPresenter.swift */,
			);
			path = LoginMVP;
			sourceTree = "<group>";
		};
		243536DD290FDBCE0014DF4B /* HomeMVP */ = {
			isa = PBXGroup;
			children = (
				24F0CC98290FC7B900E16B2F /* HomeViewController.swift */,
				240F0736291105E50057F0CD /* HomeView.swift */,
				245EAC54291000E4009CDEC3 /* HomePresenter.swift */,
				245EAC4D290FEA28009CDEC3 /* TabBarViewController.swift */,
				245EAC56291001E6009CDEC3 /* ChatViewController.swift */,
				24A67D76291CE850007771CD /* LockerRoomViewController.swift */,
				24A67D74291CE834007771CD /* LoockerRoomTableViewCell.swift */,
			);
			path = HomeMVP;
			sourceTree = "<group>";
		};
		24BB276D291936BD00D6C4CE /* CalendarMVP */ = {
			isa = PBXGroup;
			children = (
				245EAC58291001F4009CDEC3 /* CalendarViewController.swift */,
				24BB2770291936FD00D6C4CE /* CalendarView.swift */,
				24BB276E291936E900D6C4CE /* CalendarPresenter.swift */,
				24BB2772291945A500D6C4CE /* CalendarTableViewCell.swift */,
			);
			path = CalendarMVP;
			sourceTree = "<group>";
		};
		24DE18BB2914F9FB00A960C0 /* LeaguesMVP */ = {
			isa = PBXGroup;
			children = (
				24BB50802913D8C8006E68F2 /* LeaguesTableViewController.swift */,
				24DE18B92914F9F200A960C0 /* LeaguesTableViewCell.swift */,
			);
			path = LeaguesMVP;
			sourceTree = "<group>";
		};
		472AA541EA83EFD976B24436 /* Frameworks */ = {
			isa = PBXGroup;
			children = (
				959A84C80D6F2BFD04CF64F1 /* Pods_LockerRoom.framework */,
			);
			name = Frameworks;
			sourceTree = "<group>";
		};
		C504814BECF1C6367136F83E /* Pods */ = {
			isa = PBXGroup;
			children = (
				437A183293CDA5ECDEA968E9 /* Pods-LockerRoom.debug.xcconfig */,
				4EB95B0CD714ED85DE5365DE /* Pods-LockerRoom.release.xcconfig */,
			);
			path = Pods;
			sourceTree = "<group>";
		};
/* End PBXGroup section */

/* Begin PBXNativeTarget section */
		2428054D290BE30900A10601 /* LockerRoom */ = {
			isa = PBXNativeTarget;
			buildConfigurationList = 24280562290BE30A00A10601 /* Build configuration list for PBXNativeTarget "LockerRoom" */;
			buildPhases = (
				791B1287AAFB1C568C1AC33F /* [CP] Check Pods Manifest.lock */,
				2428054A290BE30900A10601 /* Sources */,
				2428054B290BE30900A10601 /* Frameworks */,
				2428054C290BE30900A10601 /* Resources */,
				14E2ACDE4AA10A6BFF3E4B9A /* [CP] Embed Pods Frameworks */,
			);
			buildRules = (
			);
			dependencies = (
			);
			name = LockerRoom;
			productName = LockerRoom;
			productReference = 2428054E290BE30900A10601 /* LockerRoom.app */;
			productType = "com.apple.product-type.application";
		};
/* End PBXNativeTarget section */

/* Begin PBXProject section */
		24280546290BE30900A10601 /* Project object */ = {
			isa = PBXProject;
			attributes = {
				BuildIndependentTargetsInParallel = 1;
				LastSwiftUpdateCheck = 1400;
				LastUpgradeCheck = 1400;
				TargetAttributes = {
					2428054D290BE30900A10601 = {
						CreatedOnToolsVersion = 14.0.1;
					};
				};
			};
			buildConfigurationList = 24280549290BE30900A10601 /* Build configuration list for PBXProject "LockerRoom" */;
			compatibilityVersion = "Xcode 14.0";
			developmentRegion = en;
			hasScannedForEncodings = 0;
			knownRegions = (
				en,
				Base,
			);
			mainGroup = 24280545290BE30900A10601;
			productRefGroup = 2428054F290BE30900A10601 /* Products */;
			projectDirPath = "";
			projectRoot = "";
			targets = (
				2428054D290BE30900A10601 /* LockerRoom */,
			);
		};
/* End PBXProject section */

/* Begin PBXResourcesBuildPhase section */
		2428054C290BE30900A10601 /* Resources */ = {
			isa = PBXResourcesBuildPhase;
			buildActionMask = 2147483647;
			files = (
				245EAC53290FEA88009CDEC3 /* Chat.storyboard in Resources */,
				2428055E290BE30A00A10601 /* LaunchScreen.storyboard in Resources */,
				2428055B290BE30A00A10601 /* Assets.xcassets in Resources */,
				24280559290BE30900A10601 /* Auth.storyboard in Resources */,
				245EAC50290FEA75009CDEC3 /* Calendar.storyboard in Resources */,
				24F0CC97290FC76F00E16B2F /* Home.storyboard in Resources */,
			);
			runOnlyForDeploymentPostprocessing = 0;
		};
/* End PBXResourcesBuildPhase section */

/* Begin PBXShellScriptBuildPhase section */
		14E2ACDE4AA10A6BFF3E4B9A /* [CP] Embed Pods Frameworks */ = {
			isa = PBXShellScriptBuildPhase;
			buildActionMask = 2147483647;
			files = (
			);
			inputFileListPaths = (
				"${PODS_ROOT}/Target Support Files/Pods-LockerRoom/Pods-LockerRoom-frameworks-${CONFIGURATION}-input-files.xcfilelist",
			);
			name = "[CP] Embed Pods Frameworks";
			outputFileListPaths = (
				"${PODS_ROOT}/Target Support Files/Pods-LockerRoom/Pods-LockerRoom-frameworks-${CONFIGURATION}-output-files.xcfilelist",
			);
			runOnlyForDeploymentPostprocessing = 0;
			shellPath = /bin/sh;
			shellScript = "\"${PODS_ROOT}/Target Support Files/Pods-LockerRoom/Pods-LockerRoom-frameworks.sh\"\n";
			showEnvVarsInLog = 0;
		};
		791B1287AAFB1C568C1AC33F /* [CP] Check Pods Manifest.lock */ = {
			isa = PBXShellScriptBuildPhase;
			buildActionMask = 2147483647;
			files = (
			);
			inputFileListPaths = (
			);
			inputPaths = (
				"${PODS_PODFILE_DIR_PATH}/Podfile.lock",
				"${PODS_ROOT}/Manifest.lock",
			);
			name = "[CP] Check Pods Manifest.lock";
			outputFileListPaths = (
			);
			outputPaths = (
				"$(DERIVED_FILE_DIR)/Pods-LockerRoom-checkManifestLockResult.txt",
			);
			runOnlyForDeploymentPostprocessing = 0;
			shellPath = /bin/sh;
			shellScript = "diff \"${PODS_PODFILE_DIR_PATH}/Podfile.lock\" \"${PODS_ROOT}/Manifest.lock\" > /dev/null\nif [ $? != 0 ] ; then\n    # print error to STDERR\n    echo \"error: The sandbox is not in sync with the Podfile.lock. Run 'pod install' or update your CocoaPods installation.\" >&2\n    exit 1\nfi\n# This output is used by Xcode 'outputs' to avoid re-running this script phase.\necho \"SUCCESS\" > \"${SCRIPT_OUTPUT_FILE_0}\"\n";
			showEnvVarsInLog = 0;
		};
/* End PBXShellScriptBuildPhase section */

/* Begin PBXSourcesBuildPhase section */
		2428054A290BE30900A10601 /* Sources */ = {
			isa = PBXSourcesBuildPhase;
			buildActionMask = 2147483647;
			files = (
				245EAC59291001F4009CDEC3 /* CalendarViewController.swift in Sources */,
				243536E1290FDC0A0014DF4B /* LoginPresenter.swift in Sources */,
				24280556290BE30900A10601 /* LoginViewController.swift in Sources */,
				24BDF4F5291A7FBD00C2170A /* Practice Model.swift in Sources */,
				24BB2771291936FD00D6C4CE /* CalendarView.swift in Sources */,
				24BDF4F7291A814F00C2170A /* GameModel.swift in Sources */,
				24BDF4F9291A869200C2170A /* MedicalModel.swift in Sources */,
				24E67BCE290BEF8800DEBE16 /* LoginModel.swift in Sources */,
				24BB276F291936E900D6C4CE /* CalendarPresenter.swift in Sources */,
				24A67D75291CE834007771CD /* LoockerRoomTableViewCell.swift in Sources */,
				24280552290BE30900A10601 /* AppDelegate.swift in Sources */,
				240F0737291105E50057F0CD /* HomeView.swift in Sources */,
				240F0739291108BE0057F0CD /* PlayerModel.swift in Sources */,
				245EAC4E290FEA28009CDEC3 /* TabBarViewController.swift in Sources */,
				243536DF290FDBFD0014DF4B /* LoginView.swift in Sources */,
				24F0CC99290FC7B900E16B2F /* HomeViewController.swift in Sources */,
				24DE18BA2914F9F200A960C0 /* LeaguesTableViewCell.swift in Sources */,
				245EAC57291001E6009CDEC3 /* ChatViewController.swift in Sources */,
				245EAC55291000E4009CDEC3 /* HomePresenter.swift in Sources */,
				24BB50812913D8C8006E68F2 /* LeaguesTableViewController.swift in Sources */,
				24BB276B2919340C00D6C4CE /* WeightsModel.swift in Sources */,
				24A67D77291CE850007771CD /* LockerRoomViewController.swift in Sources */,
				24BDF4FB291A989E00C2170A /* WeightRoomModel.swift in Sources */,
				24BB2773291945A500D6C4CE /* CalendarTableViewCell.swift in Sources */,
			);
			runOnlyForDeploymentPostprocessing = 0;
		};
/* End PBXSourcesBuildPhase section */

/* Begin PBXVariantGroup section */
		24280557290BE30900A10601 /* Auth.storyboard */ = {
			isa = PBXVariantGroup;
			children = (
				24280558290BE30900A10601 /* Base */,
			);
			name = Auth.storyboard;
			sourceTree = "<group>";
		};
		2428055C290BE30A00A10601 /* LaunchScreen.storyboard */ = {
			isa = PBXVariantGroup;
			children = (
				2428055D290BE30A00A10601 /* Base */,
			);
			name = LaunchScreen.storyboard;
			sourceTree = "<group>";
		};
/* End PBXVariantGroup section */

/* Begin XCBuildConfiguration section */
		24280560290BE30A00A10601 /* Debug */ = {
			isa = XCBuildConfiguration;
			buildSettings = {
				ALWAYS_SEARCH_USER_PATHS = NO;
				CLANG_ANALYZER_NONNULL = YES;
				CLANG_ANALYZER_NUMBER_OBJECT_CONVERSION = YES_AGGRESSIVE;
				CLANG_CXX_LANGUAGE_STANDARD = "gnu++20";
				CLANG_ENABLE_MODULES = YES;
				CLANG_ENABLE_OBJC_ARC = YES;
				CLANG_ENABLE_OBJC_WEAK = YES;
				CLANG_WARN_BLOCK_CAPTURE_AUTORELEASING = YES;
				CLANG_WARN_BOOL_CONVERSION = YES;
				CLANG_WARN_COMMA = YES;
				CLANG_WARN_CONSTANT_CONVERSION = YES;
				CLANG_WARN_DEPRECATED_OBJC_IMPLEMENTATIONS = YES;
				CLANG_WARN_DIRECT_OBJC_ISA_USAGE = YES_ERROR;
				CLANG_WARN_DOCUMENTATION_COMMENTS = YES;
				CLANG_WARN_EMPTY_BODY = YES;
				CLANG_WARN_ENUM_CONVERSION = YES;
				CLANG_WARN_INFINITE_RECURSION = YES;
				CLANG_WARN_INT_CONVERSION = YES;
				CLANG_WARN_NON_LITERAL_NULL_CONVERSION = YES;
				CLANG_WARN_OBJC_IMPLICIT_RETAIN_SELF = YES;
				CLANG_WARN_OBJC_LITERAL_CONVERSION = YES;
				CLANG_WARN_OBJC_ROOT_CLASS = YES_ERROR;
				CLANG_WARN_QUOTED_INCLUDE_IN_FRAMEWORK_HEADER = YES;
				CLANG_WARN_RANGE_LOOP_ANALYSIS = YES;
				CLANG_WARN_STRICT_PROTOTYPES = YES;
				CLANG_WARN_SUSPICIOUS_MOVE = YES;
				CLANG_WARN_UNGUARDED_AVAILABILITY = YES_AGGRESSIVE;
				CLANG_WARN_UNREACHABLE_CODE = YES;
				CLANG_WARN__DUPLICATE_METHOD_MATCH = YES;
				COPY_PHASE_STRIP = NO;
				DEBUG_INFORMATION_FORMAT = dwarf;
				ENABLE_STRICT_OBJC_MSGSEND = YES;
				ENABLE_TESTABILITY = YES;
				GCC_C_LANGUAGE_STANDARD = gnu11;
				GCC_DYNAMIC_NO_PIC = NO;
				GCC_NO_COMMON_BLOCKS = YES;
				GCC_OPTIMIZATION_LEVEL = 0;
				GCC_PREPROCESSOR_DEFINITIONS = (
					"DEBUG=1",
					"$(inherited)",
				);
				GCC_WARN_64_TO_32_BIT_CONVERSION = YES;
				GCC_WARN_ABOUT_RETURN_TYPE = YES_ERROR;
				GCC_WARN_UNDECLARED_SELECTOR = YES;
				GCC_WARN_UNINITIALIZED_AUTOS = YES_AGGRESSIVE;
				GCC_WARN_UNUSED_FUNCTION = YES;
				GCC_WARN_UNUSED_VARIABLE = YES;
				IPHONEOS_DEPLOYMENT_TARGET = 16.0;
				MTL_ENABLE_DEBUG_INFO = INCLUDE_SOURCE;
				MTL_FAST_MATH = YES;
				ONLY_ACTIVE_ARCH = YES;
				SDKROOT = iphoneos;
				SWIFT_ACTIVE_COMPILATION_CONDITIONS = DEBUG;
				SWIFT_OPTIMIZATION_LEVEL = "-Onone";
			};
			name = Debug;
		};
		24280561290BE30A00A10601 /* Release */ = {
			isa = XCBuildConfiguration;
			buildSettings = {
				ALWAYS_SEARCH_USER_PATHS = NO;
				CLANG_ANALYZER_NONNULL = YES;
				CLANG_ANALYZER_NUMBER_OBJECT_CONVERSION = YES_AGGRESSIVE;
				CLANG_CXX_LANGUAGE_STANDARD = "gnu++20";
				CLANG_ENABLE_MODULES = YES;
				CLANG_ENABLE_OBJC_ARC = YES;
				CLANG_ENABLE_OBJC_WEAK = YES;
				CLANG_WARN_BLOCK_CAPTURE_AUTORELEASING = YES;
				CLANG_WARN_BOOL_CONVERSION = YES;
				CLANG_WARN_COMMA = YES;
				CLANG_WARN_CONSTANT_CONVERSION = YES;
				CLANG_WARN_DEPRECATED_OBJC_IMPLEMENTATIONS = YES;
				CLANG_WARN_DIRECT_OBJC_ISA_USAGE = YES_ERROR;
				CLANG_WARN_DOCUMENTATION_COMMENTS = YES;
				CLANG_WARN_EMPTY_BODY = YES;
				CLANG_WARN_ENUM_CONVERSION = YES;
				CLANG_WARN_INFINITE_RECURSION = YES;
				CLANG_WARN_INT_CONVERSION = YES;
				CLANG_WARN_NON_LITERAL_NULL_CONVERSION = YES;
				CLANG_WARN_OBJC_IMPLICIT_RETAIN_SELF = YES;
				CLANG_WARN_OBJC_LITERAL_CONVERSION = YES;
				CLANG_WARN_OBJC_ROOT_CLASS = YES_ERROR;
				CLANG_WARN_QUOTED_INCLUDE_IN_FRAMEWORK_HEADER = YES;
				CLANG_WARN_RANGE_LOOP_ANALYSIS = YES;
				CLANG_WARN_STRICT_PROTOTYPES = YES;
				CLANG_WARN_SUSPICIOUS_MOVE = YES;
				CLANG_WARN_UNGUARDED_AVAILABILITY = YES_AGGRESSIVE;
				CLANG_WARN_UNREACHABLE_CODE = YES;
				CLANG_WARN__DUPLICATE_METHOD_MATCH = YES;
				COPY_PHASE_STRIP = NO;
				DEBUG_INFORMATION_FORMAT = "dwarf-with-dsym";
				ENABLE_NS_ASSERTIONS = NO;
				ENABLE_STRICT_OBJC_MSGSEND = YES;
				GCC_C_LANGUAGE_STANDARD = gnu11;
				GCC_NO_COMMON_BLOCKS = YES;
				GCC_WARN_64_TO_32_BIT_CONVERSION = YES;
				GCC_WARN_ABOUT_RETURN_TYPE = YES_ERROR;
				GCC_WARN_UNDECLARED_SELECTOR = YES;
				GCC_WARN_UNINITIALIZED_AUTOS = YES_AGGRESSIVE;
				GCC_WARN_UNUSED_FUNCTION = YES;
				GCC_WARN_UNUSED_VARIABLE = YES;
				IPHONEOS_DEPLOYMENT_TARGET = 16.0;
				MTL_ENABLE_DEBUG_INFO = NO;
				MTL_FAST_MATH = YES;
				SDKROOT = iphoneos;
				SWIFT_COMPILATION_MODE = wholemodule;
				SWIFT_OPTIMIZATION_LEVEL = "-O";
				VALIDATE_PRODUCT = YES;
			};
			name = Release;
		};
		24280563290BE30A00A10601 /* Debug */ = {
			isa = XCBuildConfiguration;
			baseConfigurationReference = 437A183293CDA5ECDEA968E9 /* Pods-LockerRoom.debug.xcconfig */;
			buildSettings = {
				ASSETCATALOG_COMPILER_APPICON_NAME = AppIcon;
				ASSETCATALOG_COMPILER_GLOBAL_ACCENT_COLOR_NAME = AccentColor;
				CODE_SIGN_STYLE = Automatic;
				CURRENT_PROJECT_VERSION = 1;
				DEVELOPMENT_TEAM = D6UJKFK6N4;
				GENERATE_INFOPLIST_FILE = YES;
				INFOPLIST_FILE = LockerRoom/Misc/Info.plist;
				INFOPLIST_KEY_UIApplicationSupportsIndirectInputEvents = YES;
				INFOPLIST_KEY_UILaunchStoryboardName = LaunchScreen;
				INFOPLIST_KEY_UIMainStoryboardFile = Auth;
				INFOPLIST_KEY_UISupportedInterfaceOrientations_iPad = "UIInterfaceOrientationPortrait UIInterfaceOrientationPortraitUpsideDown UIInterfaceOrientationLandscapeLeft UIInterfaceOrientationLandscapeRight";
				INFOPLIST_KEY_UISupportedInterfaceOrientations_iPhone = "UIInterfaceOrientationPortrait UIInterfaceOrientationLandscapeLeft UIInterfaceOrientationLandscapeRight";
				IPHONEOS_DEPLOYMENT_TARGET = 14.0;
				LD_RUNPATH_SEARCH_PATHS = (
					"$(inherited)",
					"@executable_path/Frameworks",
				);
				MARKETING_VERSION = 1.0;
				PRODUCT_BUNDLE_IDENTIFIER = ognjen.LockerRoom;
				PRODUCT_NAME = "$(TARGET_NAME)";
				SWIFT_EMIT_LOC_STRINGS = YES;
				SWIFT_VERSION = 5.0;
				TARGETED_DEVICE_FAMILY = "1,2";
			};
			name = Debug;
		};
		24280564290BE30A00A10601 /* Release */ = {
			isa = XCBuildConfiguration;
			baseConfigurationReference = 4EB95B0CD714ED85DE5365DE /* Pods-LockerRoom.release.xcconfig */;
			buildSettings = {
				ASSETCATALOG_COMPILER_APPICON_NAME = AppIcon;
				ASSETCATALOG_COMPILER_GLOBAL_ACCENT_COLOR_NAME = AccentColor;
				CODE_SIGN_STYLE = Automatic;
				CURRENT_PROJECT_VERSION = 1;
				DEVELOPMENT_TEAM = D6UJKFK6N4;
				GENERATE_INFOPLIST_FILE = YES;
				INFOPLIST_FILE = LockerRoom/Misc/Info.plist;
				INFOPLIST_KEY_UIApplicationSupportsIndirectInputEvents = YES;
				INFOPLIST_KEY_UILaunchStoryboardName = LaunchScreen;
				INFOPLIST_KEY_UIMainStoryboardFile = Auth;
				INFOPLIST_KEY_UISupportedInterfaceOrientations_iPad = "UIInterfaceOrientationPortrait UIInterfaceOrientationPortraitUpsideDown UIInterfaceOrientationLandscapeLeft UIInterfaceOrientationLandscapeRight";
				INFOPLIST_KEY_UISupportedInterfaceOrientations_iPhone = "UIInterfaceOrientationPortrait UIInterfaceOrientationLandscapeLeft UIInterfaceOrientationLandscapeRight";
				IPHONEOS_DEPLOYMENT_TARGET = 14.0;
				LD_RUNPATH_SEARCH_PATHS = (
					"$(inherited)",
					"@executable_path/Frameworks",
				);
				MARKETING_VERSION = 1.0;
				PRODUCT_BUNDLE_IDENTIFIER = ognjen.LockerRoom;
				PRODUCT_NAME = "$(TARGET_NAME)";
				SWIFT_EMIT_LOC_STRINGS = YES;
				SWIFT_VERSION = 5.0;
				TARGETED_DEVICE_FAMILY = "1,2";
			};
			name = Release;
		};
/* End XCBuildConfiguration section */

/* Begin XCConfigurationList section */
		24280549290BE30900A10601 /* Build configuration list for PBXProject "LockerRoom" */ = {
			isa = XCConfigurationList;
			buildConfigurations = (
				24280560290BE30A00A10601 /* Debug */,
				24280561290BE30A00A10601 /* Release */,
			);
			defaultConfigurationIsVisible = 0;
			defaultConfigurationName = Release;
		};
		24280562290BE30A00A10601 /* Build configuration list for PBXNativeTarget "LockerRoom" */ = {
			isa = XCConfigurationList;
			buildConfigurations = (
				24280563290BE30A00A10601 /* Debug */,
				24280564290BE30A00A10601 /* Release */,
			);
			defaultConfigurationIsVisible = 0;
			defaultConfigurationName = Release;
		};
/* End XCConfigurationList section */
	};
	rootObject = 24280546290BE30900A10601 /* Project object */;
}
